
Microsoft Visual Studio Solution File, Format Version 11.00
# Visual C++ Express 2010
Project("{8BC9CEB8-8B4A-11D0-8D11-00A0C91BC942}") = "foo_httpcontrol", "foo_httpcontrol.vcxproj", "{D57DDC76-A441-4933-9820-72C32F01AF95}"
	ProjectSection(ProjectDependencies) = postProject
		{622E8B19-8109-4717-BD4D-9657AA78363E} = {622E8B19-8109-4717-BD4D-9657AA78363E}
		{E8091321-D79D-4575-86EF-064EA1A4A20D} = {E8091321-D79D-4575-86EF-064EA1A4A20D}
		{7020DA42-3C98-4B37-89D2-683B32EE2DB8} = {7020DA42-3C98-4B37-89D2-683B32EE2DB8}
		{EE47764E-A202-4F85-A767-ABDAB4AFF35F} = {EE47764E-A202-4F85-A767-ABDAB4AFF35F}
		{EBFFFB4E-261D-44D3-B89C-957B31A0BF9C} = {EBFFFB4E-261D-44D3-B89C-957B31A0BF9C}
		{745DEC58-EBB3-47A9-A9B8-4C6627C01BF8} = {745DEC58-EBB3-47A9-A9B8-4C6627C01BF8}
		{71AD2674-065B-48F5-B8B0-E1F9D3892081} = {71AD2674-065B-48F5-B8B0-E1F9D3892081}
	EndProjectSection
EndProject
Project("{8BC9CEB8-8B4A-11D0-8D11-00A0C91BC942}") = "foobar2000_SDK", "lib\foobar2000\SDK\foobar2000_SDK.vcxproj", "{E8091321-D79D-4575-86EF-064EA1A4A20D}"
EndProject
Project("{8BC9CEB8-8B4A-11D0-8D11-00A0C91BC942}") = "foobar2000_ATL_helpers", "lib\foobar2000\ATLHelpers\foobar2000_ATL_helpers.vcxproj", "{622E8B19-8109-4717-BD4D-9657AA78363E}"
EndProject
Project("{8BC9CEB8-8B4A-11D0-8D11-00A0C91BC942}") = "foobar2000_component_client", "lib\foobar2000\foobar2000_component_client\foobar2000_component_client.vcxproj", "{71AD2674-065B-48F5-B8B0-E1F9D3892081}"
EndProject
Project("{8BC9CEB8-8B4A-11D0-8D11-00A0C91BC942}") = "foobar2000_sdk_helpers", "lib\foobar2000\helpers\foobar2000_sdk_helpers.vcxproj", "{EE47764E-A202-4F85-A767-ABDAB4AFF35F}"
EndProject
Project("{8BC9CEB8-8B4A-11D0-8D11-00A0C91BC942}") = "pfc", "lib\pfc\pfc.vcxproj", "{EBFFFB4E-261D-44D3-B89C-957B31A0BF9C}"
EndProject
Project("{8BC9CEB8-8B4A-11D0-8D11-00A0C91BC942}") = "jnetlib", "lib\jnetlib\jnetlib.vcxproj", "{7020DA42-3C98-4B37-89D2-683B32EE2DB8}"
EndProject
Project("{8BC9CEB8-8B4A-11D0-8D11-00A0C91BC942}") = "zlibstat", "lib\zlib\contrib\vstudio\vc10\zlibstat.vcxproj", "{745DEC58-EBB3-47A9-A9B8-4C6627C01BF8}"
EndProject
Global
	GlobalSection(SolutionConfigurationPlatforms) = preSolution
		Debug|Itanium = Debug|Itanium
		Debug|Win32 = Debug|Win32
		Debug|x64 = Debug|x64
		Release|Itanium = Release|Itanium
		Release|Win32 = Release|Win32
		Release|x64 = Release|x64
		Release-speed|Itanium = Release-speed|Itanium
		Release-speed|Win32 = Release-speed|Win32
		Release-speed|x64 = Release-speed|x64
		ReleaseWithoutAsm|Itanium = ReleaseWithoutAsm|Itanium
		ReleaseWithoutAsm|Win32 = ReleaseWithoutAsm|Win32
		ReleaseWithoutAsm|x64 = ReleaseWithoutAsm|x64
	EndGlobalSection
	GlobalSection(ProjectConfigurationPlatforms) = postSolution
		{D57DDC76-A441-4933-9820-72C32F01AF95}.Debug|Itanium.ActiveCfg = Debug|Win32
		{D57DDC76-A441-4933-9820-72C32F01AF95}.Debug|Win32.ActiveCfg = Debug|Win32
		{D57DDC76-A441-4933-9820-72C32F01AF95}.Debug|Win32.Build.0 = Debug|Win32
		{D57DDC76-A441-4933-9820-72C32F01AF95}.Debug|x64.ActiveCfg = Debug|Win32
		{D57DDC76-A441-4933-9820-72C32F01AF95}.Release|Itanium.ActiveCfg = Release|Win32
		{D57DDC76-A441-4933-9820-72C32F01AF95}.Release|Win32.ActiveCfg = Release|Win32
		{D57DDC76-A441-4933-9820-72C32F01AF95}.Release|Win32.Build.0 = Release|Win32
		{D57DDC76-A441-4933-9820-72C32F01AF95}.Release|x64.ActiveCfg = Release|Win32
		{D57DDC76-A441-4933-9820-72C32F01AF95}.Release-speed|Itanium.ActiveCfg = Release|Win32
		{D57DDC76-A441-4933-9820-72C32F01AF95}.Release-speed|Win32.ActiveCfg = Release|Win32
		{D57DDC76-A441-4933-9820-72C32F01AF95}.Release-speed|Win32.Build.0 = Release|Win32
		{D57DDC76-A441-4933-9820-72C32F01AF95}.Release-speed|x64.ActiveCfg = Release|Win32
		{D57DDC76-A441-4933-9820-72C32F01AF95}.ReleaseWithoutAsm|Itanium.ActiveCfg = Release|Win32
		{D57DDC76-A441-4933-9820-72C32F01AF95}.ReleaseWithoutAsm|Win32.ActiveCfg = Release|Win32
		{D57DDC76-A441-4933-9820-72C32F01AF95}.ReleaseWithoutAsm|Win32.Build.0 = Release|Win32
		{D57DDC76-A441-4933-9820-72C32F01AF95}.ReleaseWithoutAsm|x64.ActiveCfg = Release|Win32
		{E8091321-D79D-4575-86EF-064EA1A4A20D}.Debug|Itanium.ActiveCfg = Debug|x64
		{E8091321-D79D-4575-86EF-064EA1A4A20D}.Debug|Win32.ActiveCfg = Debug|Win32
		{E8091321-D79D-4575-86EF-064EA1A4A20D}.Debug|Win32.Build.0 = Debug|Win32
		{E8091321-D79D-4575-86EF-064EA1A4A20D}.Debug|x64.ActiveCfg = Debug|x64
		{E8091321-D79D-4575-86EF-064EA1A4A20D}.Debug|x64.Build.0 = Debug|x64
		{E8091321-D79D-4575-86EF-064EA1A4A20D}.Release|Itanium.ActiveCfg = Release|x64
		{E8091321-D79D-4575-86EF-064EA1A4A20D}.Release|Win32.ActiveCfg = Release|Win32
		{E8091321-D79D-4575-86EF-064EA1A4A20D}.Release|Win32.Build.0 = Release|Win32
		{E8091321-D79D-4575-86EF-064EA1A4A20D}.Release|x64.ActiveCfg = Release|x64
		{E8091321-D79D-4575-86EF-064EA1A4A20D}.Release|x64.Build.0 = Release|x64
		{E8091321-D79D-4575-86EF-064EA1A4A20D}.Release-speed|Itanium.ActiveCfg = Release|x64
		{E8091321-D79D-4575-86EF-064EA1A4A20D}.Release-speed|Win32.ActiveCfg = Release|x64
		{E8091321-D79D-4575-86EF-064EA1A4A20D}.Release-speed|x64.ActiveCfg = Release|x64
		{E8091321-D79D-4575-86EF-064EA1A4A20D}.Release-speed|x64.Build.0 = Release|x64
		{E8091321-D79D-4575-86EF-064EA1A4A20D}.ReleaseWithoutAsm|Itanium.ActiveCfg = Release|x64
		{E8091321-D79D-4575-86EF-064EA1A4A20D}.ReleaseWithoutAsm|Win32.ActiveCfg = Release|x64
		{E8091321-D79D-4575-86EF-064EA1A4A20D}.ReleaseWithoutAsm|x64.ActiveCfg = Release|x64
		{E8091321-D79D-4575-86EF-064EA1A4A20D}.ReleaseWithoutAsm|x64.Build.0 = Release|x64
		{622E8B19-8109-4717-BD4D-9657AA78363E}.Debug|Itanium.ActiveCfg = Debug|x64
		{622E8B19-8109-4717-BD4D-9657AA78363E}.Debug|Win32.ActiveCfg = Debug|Win32
		{622E8B19-8109-4717-BD4D-9657AA78363E}.Debug|Win32.Build.0 = Debug|Win32
		{622E8B19-8109-4717-BD4D-9657AA78363E}.Debug|x64.ActiveCfg = Debug|x64
		{622E8B19-8109-4717-BD4D-9657AA78363E}.Debug|x64.Build.0 = Debug|x64
		{622E8B19-8109-4717-BD4D-9657AA78363E}.Release|Itanium.ActiveCfg = Release|x64
		{622E8B19-8109-4717-BD4D-9657AA78363E}.Release|Win32.ActiveCfg = Release|Win32
		{622E8B19-8109-4717-BD4D-9657AA78363E}.Release|Win32.Build.0 = Release|Win32
		{622E8B19-8109-4717-BD4D-9657AA78363E}.Release|x64.ActiveCfg = Release|x64
		{622E8B19-8109-4717-BD4D-9657AA78363E}.Release|x64.Build.0 = Release|x64
		{622E8B19-8109-4717-BD4D-9657AA78363E}.Release-speed|Itanium.ActiveCfg = Release|x64
		{622E8B19-8109-4717-BD4D-9657AA78363E}.Release-speed|Win32.ActiveCfg = Release|x64
		{622E8B19-8109-4717-BD4D-9657AA78363E}.Release-speed|x64.ActiveCfg = Release|x64
		{622E8B19-8109-4717-BD4D-9657AA78363E}.Release-speed|x64.Build.0 = Release|x64
		{622E8B19-8109-4717-BD4D-9657AA78363E}.ReleaseWithoutAsm|Itanium.ActiveCfg = Release|x64
		{622E8B19-8109-4717-BD4D-9657AA78363E}.ReleaseWithoutAsm|Win32.ActiveCfg = Release|x64
		{622E8B19-8109-4717-BD4D-9657AA78363E}.ReleaseWithoutAsm|x64.ActiveCfg = Release|x64
		{622E8B19-8109-4717-BD4D-9657AA78363E}.ReleaseWithoutAsm|x64.Build.0 = Release|x64
		{71AD2674-065B-48F5-B8B0-E1F9D3892081}.Debug|Itanium.ActiveCfg = Debug|x64
		{71AD2674-065B-48F5-B8B0-E1F9D3892081}.Debug|Win32.ActiveCfg = Debug|Win32
		{71AD2674-065B-48F5-B8B0-E1F9D3892081}.Debug|Win32.Build.0 = Debug|Win32
		{71AD2674-065B-48F5-B8B0-E1F9D3892081}.Debug|x64.ActiveCfg = Debug|x64
		{71AD2674-065B-48F5-B8B0-E1F9D3892081}.Debug|x64.Build.0 = Debug|x64
		{71AD2674-065B-48F5-B8B0-E1F9D3892081}.Release|Itanium.ActiveCfg = Release|x64
		{71AD2674-065B-48F5-B8B0-E1F9D3892081}.Release|Win32.ActiveCfg = Release|Win32
		{71AD2674-065B-48F5-B8B0-E1F9D3892081}.Release|Win32.Build.0 = Release|Win32
		{71AD2674-065B-48F5-B8B0-E1F9D3892081}.Release|x64.ActiveCfg = Release|x64
		{71AD2674-065B-48F5-B8B0-E1F9D3892081}.Release|x64.Build.0 = Release|x64
		{71AD2674-065B-48F5-B8B0-E1F9D3892081}.Release-speed|Itanium.ActiveCfg = Release|x64
		{71AD2674-065B-48F5-B8B0-E1F9D3892081}.Release-speed|Win32.ActiveCfg = Release|x64
		{71AD2674-065B-48F5-B8B0-E1F9D3892081}.Release-speed|x64.ActiveCfg = Release|x64
		{71AD2674-065B-48F5-B8B0-E1F9D3892081}.Release-speed|x64.Build.0 = Release|x64
		{71AD2674-065B-48F5-B8B0-E1F9D3892081}.ReleaseWithoutAsm|Itanium.ActiveCfg = Release|x64
		{71AD2674-065B-48F5-B8B0-E1F9D3892081}.ReleaseWithoutAsm|Win32.ActiveCfg = Release|x64
		{71AD2674-065B-48F5-B8B0-E1F9D3892081}.ReleaseWithoutAsm|x64.ActiveCfg = Release|x64
		{71AD2674-065B-48F5-B8B0-E1F9D3892081}.ReleaseWithoutAsm|x64.Build.0 = Release|x64
		{EE47764E-A202-4F85-A767-ABDAB4AFF35F}.Debug|Itanium.ActiveCfg = Debug|x64
		{EE47764E-A202-4F85-A767-ABDAB4AFF35F}.Debug|Win32.ActiveCfg = Debug|Win32
		{EE47764E-A202-4F85-A767-ABDAB4AFF35F}.Debug|Win32.Build.0 = Debug|Win32
		{EE47764E-A202-4F85-A767-ABDAB4AFF35F}.Debug|x64.ActiveCfg = Debug|x64
		{EE47764E-A202-4F85-A767-ABDAB4AFF35F}.Debug|x64.Build.0 = Debug|x64
		{EE47764E-A202-4F85-A767-ABDAB4AFF35F}.Release|Itanium.ActiveCfg = Release|x64
		{EE47764E-A202-4F85-A767-ABDAB4AFF35F}.Release|Win32.ActiveCfg = Release|Win32
		{EE47764E-A202-4F85-A767-ABDAB4AFF35F}.Release|Win32.Build.0 = Release|Win32
		{EE47764E-A202-4F85-A767-ABDAB4AFF35F}.Release|x64.ActiveCfg = Release|x64
		{EE47764E-A202-4F85-A767-ABDAB4AFF35F}.Release|x64.Build.0 = Release|x64
		{EE47764E-A202-4F85-A767-ABDAB4AFF35F}.Release-speed|Itanium.ActiveCfg = Release|x64
		{EE47764E-A202-4F85-A767-ABDAB4AFF35F}.Release-speed|Win32.ActiveCfg = Release|x64
		{EE47764E-A202-4F85-A767-ABDAB4AFF35F}.Release-speed|x64.ActiveCfg = Release|x64
		{EE47764E-A202-4F85-A767-ABDAB4AFF35F}.Release-speed|x64.Build.0 = Release|x64
		{EE47764E-A202-4F85-A767-ABDAB4AFF35F}.ReleaseWithoutAsm|Itanium.ActiveCfg = Release|x64
		{EE47764E-A202-4F85-A767-ABDAB4AFF35F}.ReleaseWithoutAsm|Win32.ActiveCfg = Release|x64
		{EE47764E-A202-4F85-A767-ABDAB4AFF35F}.ReleaseWithoutAsm|x64.ActiveCfg = Release|x64
		{EE47764E-A202-4F85-A767-ABDAB4AFF35F}.ReleaseWithoutAsm|x64.Build.0 = Release|x64
		{EBFFFB4E-261D-44D3-B89C-957B31A0BF9C}.Debug|Itanium.ActiveCfg = Debug|x64
		{EBFFFB4E-261D-44D3-B89C-957B31A0BF9C}.Debug|Win32.ActiveCfg = Debug|Win32
		{EBFFFB4E-261D-44D3-B89C-957B31A0BF9C}.Debug|Win32.Build.0 = Debug|Win32
		{EBFFFB4E-261D-44D3-B89C-957B31A0BF9C}.Debug|x64.ActiveCfg = Debug|x64
		{EBFFFB4E-261D-44D3-B89C-957B31A0BF9C}.Debug|x64.Build.0 = Debug|x64
		{EBFFFB4E-261D-44D3-B89C-957B31A0BF9C}.Release|Itanium.ActiveCfg = Release|x64
		{EBFFFB4E-261D-44D3-B89C-957B31A0BF9C}.Release|Win32.ActiveCfg = Release|Win32
		{EBFFFB4E-261D-44D3-B89C-957B31A0BF9C}.Release|Win32.Build.0 = Release|Win32
		{EBFFFB4E-261D-44D3-B89C-957B31A0BF9C}.Release|x64.ActiveCfg = Release|x64
		{EBFFFB4E-261D-44D3-B89C-957B31A0BF9C}.Release|x64.Build.0 = Release|x64
		{EBFFFB4E-261D-44D3-B89C-957B31A0BF9C}.Release-speed|Itanium.ActiveCfg = Release|x64
		{EBFFFB4E-261D-44D3-B89C-957B31A0BF9C}.Release-speed|Win32.ActiveCfg = Release|x64
		{EBFFFB4E-261D-44D3-B89C-957B31A0BF9C}.Release-speed|x64.ActiveCfg = Release|x64
		{EBFFFB4E-261D-44D3-B89C-957B31A0BF9C}.Release-speed|x64.Build.0 = Release|x64
		{EBFFFB4E-261D-44D3-B89C-957B31A0BF9C}.ReleaseWithoutAsm|Itanium.ActiveCfg = Release|x64
		{EBFFFB4E-261D-44D3-B89C-957B31A0BF9C}.ReleaseWithoutAsm|Win32.ActiveCfg = Release|x64
		{EBFFFB4E-261D-44D3-B89C-957B31A0BF9C}.ReleaseWithoutAsm|x64.ActiveCfg = Release|x64
		{EBFFFB4E-261D-44D3-B89C-957B31A0BF9C}.ReleaseWithoutAsm|x64.Build.0 = Release|x64
		{7020DA42-3C98-4B37-89D2-683B32EE2DB8}.Debug|Itanium.ActiveCfg = Debug|Win32
		{7020DA42-3C98-4B37-89D2-683B32EE2DB8}.Debug|Win32.ActiveCfg = Debug|Win32
		{7020DA42-3C98-4B37-89D2-683B32EE2DB8}.Debug|Win32.Build.0 = Debug|Win32
		{7020DA42-3C98-4B37-89D2-683B32EE2DB8}.Debug|x64.ActiveCfg = Debug|Win32
		{7020DA42-3C98-4B37-89D2-683B32EE2DB8}.Release|Itanium.ActiveCfg = Release|Win32
		{7020DA42-3C98-4B37-89D2-683B32EE2DB8}.Release|Win32.ActiveCfg = Release|Win32
		{7020DA42-3C98-4B37-89D2-683B32EE2DB8}.Release|Win32.Build.0 = Release|Win32
		{7020DA42-3C98-4B37-89D2-683B32EE2DB8}.Release|x64.ActiveCfg = Release|Win32
		{7020DA42-3C98-4B37-89D2-683B32EE2DB8}.Release-speed|Itanium.ActiveCfg = Release-speed|Win32
		{7020DA42-3C98-4B37-89D2-683B32EE2DB8}.Release-speed|Win32.ActiveCfg = Release-speed|Win32
		{7020DA42-3C98-4B37-89D2-683B32EE2DB8}.Release-speed|Win32.Build.0 = Release-speed|Win32
		{7020DA42-3C98-4B37-89D2-683B32EE2DB8}.Release-speed|x64.ActiveCfg = Release-speed|Win32
		{7020DA42-3C98-4B37-89D2-683B32EE2DB8}.ReleaseWithoutAsm|Itanium.ActiveCfg = Release|Win32
		{7020DA42-3C98-4B37-89D2-683B32EE2DB8}.ReleaseWithoutAsm|Win32.ActiveCfg = Release|Win32
		{7020DA42-3C98-4B37-89D2-683B32EE2DB8}.ReleaseWithoutAsm|Win32.Build.0 = Release|Win32
		{7020DA42-3C98-4B37-89D2-683B32EE2DB8}.ReleaseWithoutAsm|x64.ActiveCfg = Release|Win32
		{745DEC58-EBB3-47A9-A9B8-4C6627C01BF8}.Debug|Itanium.ActiveCfg = Debug|Itanium
		{745DEC58-EBB3-47A9-A9B8-4C6627C01BF8}.Debug|Itanium.Build.0 = Debug|Itanium
		{745DEC58-EBB3-47A9-A9B8-4C6627C01BF8}.Debug|Win32.ActiveCfg = Debug|Win32
		{745DEC58-EBB3-47A9-A9B8-4C6627C01BF8}.Debug|Win32.Build.0 = Debug|Win32
		{745DEC58-EBB3-47A9-A9B8-4C6627C01BF8}.Debug|x64.ActiveCfg = Debug|x64
		{745DEC58-EBB3-47A9-A9B8-4C6627C01BF8}.Debug|x64.Build.0 = Debug|x64
		{745DEC58-EBB3-47A9-A9B8-4C6627C01BF8}.Release|Itanium.ActiveCfg = Release|Itanium
		{745DEC58-EBB3-47A9-A9B8-4C6627C01BF8}.Release|Itanium.Build.0 = Release|Itanium
		{745DEC58-EBB3-47A9-A9B8-4C6627C01BF8}.Release|Win32.ActiveCfg = ReleaseWithoutAsm|Win32
		{745DEC58-EBB3-47A9-A9B8-4C6627C01BF8}.Release|Win32.Build.0 = ReleaseWithoutAsm|Win32
		{745DEC58-EBB3-47A9-A9B8-4C6627C01BF8}.Release|x64.ActiveCfg = Release|x64
		{745DEC58-EBB3-47A9-A9B8-4C6627C01BF8}.Release|x64.Build.0 = Release|x64
		{745DEC58-EBB3-47A9-A9B8-4C6627C01BF8}.Release-speed|Itanium.ActiveCfg = Release|x64
		{745DEC58-EBB3-47A9-A9B8-4C6627C01BF8}.Release-speed|Win32.ActiveCfg = Release|x64
		{745DEC58-EBB3-47A9-A9B8-4C6627C01BF8}.Release-speed|x64.ActiveCfg = Release|x64
		{745DEC58-EBB3-47A9-A9B8-4C6627C01BF8}.Release-speed|x64.Build.0 = Release|x64
		{745DEC58-EBB3-47A9-A9B8-4C6627C01BF8}.ReleaseWithoutAsm|Itanium.ActiveCfg = ReleaseWithoutAsm|Itanium
		{745DEC58-EBB3-47A9-A9B8-4C6627C01BF8}.ReleaseWithoutAsm|Itanium.Build.0 = ReleaseWithoutAsm|Itanium
		{745DEC58-EBB3-47A9-A9B8-4C6627C01BF8}.ReleaseWithoutAsm|Win32.ActiveCfg = ReleaseWithoutAsm|Win32
		{745DEC58-EBB3-47A9-A9B8-4C6627C01BF8}.ReleaseWithoutAsm|Win32.Build.0 = ReleaseWithoutAsm|Win32
		{745DEC58-EBB3-47A9-A9B8-4C6627C01BF8}.ReleaseWithoutAsm|x64.ActiveCfg = ReleaseWithoutAsm|x64
		{745DEC58-EBB3-47A9-A9B8-4C6627C01BF8}.ReleaseWithoutAsm|x64.Build.0 = ReleaseWithoutAsm|x64
	EndGlobalSection
	GlobalSection(SolutionProperties) = preSolution
		HideSolutionNode = FALSE
	EndGlobalSection
EndGlobal
